# THIS IS AN AUTOGENERATED FILE. DO NOT EDIT THIS FILE DIRECTLY.
# yarn lockfile v1


eventemitter3@^3.1.0:
  version "3.1.0"
  resolved "https://registry.yarnpkg.com/eventemitter3/-/eventemitter3-3.1.0.tgz#090b4d6cdbd645ed10bf750d4b5407942d7ba163"

phaser@^3.15.1:
  version "3.15.1"
  resolved "https://registry.yarnpkg.com/phaser/-/phaser-3.15.1.tgz#17d41fb5b310fb062952e29d9bb26a99c90d3a44"
  dependencies:
    eventemitter3 "^3.1.0"
